
Microsoft Visual Studio Solution File, Format Version 12.00
# Visual Studio Version 17
VisualStudioVersion = 17.5.33530.505
MinimumVisualStudioVersion = 10.0.40219.1
Project("{FAE04EC0-301F-11D3-BF4B-00C04F79EFBC}") = "GerenciadorDeTarefasComAutenticacaoAPI", "GerenciadorDeTarefasComAutenticacaoAPI\GerenciadorDeTarefasComAutenticacaoAPI.csproj", "{6405048A-71D7-4ABC-9C8C-6F57D26FAD30}"
EndProject
Global
	GlobalSection(SolutionConfigurationPlatforms) = preSolution
		Debug|Any CPU = Debug|Any CPU
		Release|Any CPU = Release|Any CPU
	EndGlobalSection
	GlobalSection(ProjectConfigurationPlatforms) = postSolution
		{6405048A-71D7-4ABC-9C8C-6F57D26FAD30}.Debug|Any CPU.ActiveCfg = Debug|Any CPU
		{6405048A-71D7-4ABC-9C8C-6F57D26FAD30}.Debug|Any CPU.Build.0 = Debug|Any CPU
		{6405048A-71D7-4ABC-9C8C-6F57D26FAD30}.Release|Any CPU.ActiveCfg = Release|Any CPU
		{6405048A-71D7-4ABC-9C8C-6F57D26FAD30}.Release|Any CPU.Build.0 = Release|Any CPU
	EndGlobalSection
	GlobalSection(SolutionProperties) = preSolution
		HideSolutionNode = FALSE
	EndGlobalSection
	GlobalSection(ExtensibilityGlobals) = postSolution
		SolutionGuid = {42F6EC5A-43A7-4D49-977E-87F82BBF6F7B}
	EndGlobalSection
EndGlobal
